<Solution>
  <Project Path="SoloAdventureSystem.AIWorldGenerator/SoloAdventureSystem.AIWorldGenerator.csproj" />
  <Project Path="SoloAdventureSystem.CLI.Tests/SoloAdventureSystem.CLI.Tests.csproj" />
  <Project Path="SoloAdventureSystem.Engine.Tests/SoloAdventureSystem.Engine.Tests.csproj" />
  <Project Path="SoloAdventureSystem.Engine/SoloAdventureSystem.Engine.csproj" />
  <Project Path="SoloAdventureSystem.Terminal.UI/SoloAdventureSystem.Terminal.UI.csproj" />
  <Project Path="SoloAdventureSystem.ValidationTool/SoloAdventureSystem.ValidationTool.csproj" />
  <Project Path="SoloAdventureSystem.Web.UI/SoloAdventureSystem.Web.UI.csproj" />
</Solution>
